// !$*UTF8*$!
{
	archiveVersion = 1;
	classes = {
	};
	objectVersion = 52;
	objects = {

/* Begin PBXBuildFile section */
		6200641C25817B0900806673 /* AnimeClient.swift in Sources */ = {isa = PBXBuildFile; fileRef = 6200641B25817B0900806673 /* AnimeClient.swift */; };
		6200643D2581E11300806673 /* LaunchScreen.storyboard in Resources */ = {isa = PBXBuildFile; fileRef = 6200643C2581E11300806673 /* LaunchScreen.storyboard */; };
		6243002F258070FF00DC6090 /* AppDelegate.swift in Sources */ = {isa = PBXBuildFile; fileRef = 6243002E258070FF00DC6090 /* AppDelegate.swift */; };
		62430031258070FF00DC6090 /* SceneDelegate.swift in Sources */ = {isa = PBXBuildFile; fileRef = 62430030258070FF00DC6090 /* SceneDelegate.swift */; };
		62430039258070FF00DC6090 /* AnimeAlarm.xcdatamodeld in Sources */ = {isa = PBXBuildFile; fileRef = 62430037258070FF00DC6090 /* AnimeAlarm.xcdatamodeld */; };
		6243003B2580710300DC6090 /* Assets.xcassets in Resources */ = {isa = PBXBuildFile; fileRef = 6243003A2580710300DC6090 /* Assets.xcassets */; };
		624300492580710400DC6090 /* AnimeAlarmTests.swift in Sources */ = {isa = PBXBuildFile; fileRef = 624300482580710400DC6090 /* AnimeAlarmTests.swift */; };
		624300542580710400DC6090 /* AnimeAlarmUITests.swift in Sources */ = {isa = PBXBuildFile; fileRef = 624300532580710400DC6090 /* AnimeAlarmUITests.swift */; };
		626D2D25259BB01D00CF7616 /* DBClient.swift in Sources */ = {isa = PBXBuildFile; fileRef = 626D2D24259BB01D00CF7616 /* DBClient.swift */; };
		626D2D2B259BB16400CF7616 /* GRDB in Frameworks */ = {isa = PBXBuildFile; productRef = 626D2D2A259BB16400CF7616 /* GRDB */; };
		626D2D30259E4C9F00CF7616 /* JSONModels.swift in Sources */ = {isa = PBXBuildFile; fileRef = 626D2D2F259E4C9E00CF7616 /* JSONModels.swift */; };
		6285D743258A992F003371AF /* NestedCollectionViewCell.swift in Sources */ = {isa = PBXBuildFile; fileRef = 6285D742258A992F003371AF /* NestedCollectionViewCell.swift */; };
		6285D74B258C1D30003371AF /* AlarmManager.swift in Sources */ = {isa = PBXBuildFile; fileRef = 6285D74A258C1D30003371AF /* AlarmManager.swift */; };
		62BAF48425844E44003F7B2C /* HomeController.swift in Sources */ = {isa = PBXBuildFile; fileRef = 62BAF48325844E44003F7B2C /* HomeController.swift */; };
		62BAF48D2584558A003F7B2C /* RowCellView.swift in Sources */ = {isa = PBXBuildFile; fileRef = 62BAF48C2584558A003F7B2C /* RowCellView.swift */; };
		62BAF495258455B0003F7B2C /* BaseCellView.swift in Sources */ = {isa = PBXBuildFile; fileRef = 62BAF494258455B0003F7B2C /* BaseCellView.swift */; };
		62BBFCA125A0F4520008DD4A /* LocalNotification.swift in Sources */ = {isa = PBXBuildFile; fileRef = 62BBFCA025A0F4520008DD4A /* LocalNotification.swift */; };
		62C21CE32592B9350018609B /* CreateAlarmView.swift in Sources */ = {isa = PBXBuildFile; fileRef = 62C21CE22592B9350018609B /* CreateAlarmView.swift */; };
		62C21CE82592BD640018609B /* PopupController.swift in Sources */ = {isa = PBXBuildFile; fileRef = 62C21CE72592BD640018609B /* PopupController.swift */; };
		62DA93D9259E4F64009FF7F3 /* Queries.swift in Sources */ = {isa = PBXBuildFile; fileRef = 62DA93D8259E4F64009FF7F3 /* Queries.swift */; };
		62F04C522587F68F0057D4CA /* Alarm.swift in Sources */ = {isa = PBXBuildFile; fileRef = 62F04C512587F68F0057D4CA /* Alarm.swift */; };
		62FBEA9E258549B100BBFCE2 /* SavedAlarmCellView.swift in Sources */ = {isa = PBXBuildFile; fileRef = 62FBEA9D258549B100BBFCE2 /* SavedAlarmCellView.swift */; };
		62FBEAA325859A1F00BBFCE2 /* AnimeInfoController.swift in Sources */ = {isa = PBXBuildFile; fileRef = 62FBEAA225859A1F00BBFCE2 /* AnimeInfoController.swift */; };
		62FBEAA825859B1800BBFCE2 /* AnimeInfoView.swift in Sources */ = {isa = PBXBuildFile; fileRef = 62FBEAA725859B1800BBFCE2 /* AnimeInfoView.swift */; };
		62FBEAAD2586D73300BBFCE2 /* RowCellModel.swift in Sources */ = {isa = PBXBuildFile; fileRef = 62FBEAAC2586D73300BBFCE2 /* RowCellModel.swift */; };
/* End PBXBuildFile section */

/* Begin PBXContainerItemProxy section */
		624300452580710400DC6090 /* PBXContainerItemProxy */ = {
			isa = PBXContainerItemProxy;
			containerPortal = 62430023258070FF00DC6090 /* Project object */;
			proxyType = 1;
			remoteGlobalIDString = 6243002A258070FF00DC6090;
			remoteInfo = AnimeAlarm;
		};
		624300502580710400DC6090 /* PBXContainerItemProxy */ = {
			isa = PBXContainerItemProxy;
			containerPortal = 62430023258070FF00DC6090 /* Project object */;
			proxyType = 1;
			remoteGlobalIDString = 6243002A258070FF00DC6090;
			remoteInfo = AnimeAlarm;
		};
/* End PBXContainerItemProxy section */

/* Begin PBXFileReference section */
		6200641B25817B0900806673 /* AnimeClient.swift */ = {isa = PBXFileReference; lastKnownFileType = sourcecode.swift; path = AnimeClient.swift; sourceTree = "<group>"; };
		6200643C2581E11300806673 /* LaunchScreen.storyboard */ = {isa = PBXFileReference; fileEncoding = 4; lastKnownFileType = file.storyboard; path = LaunchScreen.storyboard; sourceTree = "<group>"; };
		6243002B258070FF00DC6090 /* AnimeAlarm.app */ = {isa = PBXFileReference; explicitFileType = wrapper.application; includeInIndex = 0; path = AnimeAlarm.app; sourceTree = BUILT_PRODUCTS_DIR; };
		6243002E258070FF00DC6090 /* AppDelegate.swift */ = {isa = PBXFileReference; lastKnownFileType = sourcecode.swift; path = AppDelegate.swift; sourceTree = "<group>"; };
		62430030258070FF00DC6090 /* SceneDelegate.swift */ = {isa = PBXFileReference; lastKnownFileType = sourcecode.swift; path = SceneDelegate.swift; sourceTree = "<group>"; };
		62430038258070FF00DC6090 /* AnimeAlarm.xcdatamodel */ = {isa = PBXFileReference; lastKnownFileType = wrapper.xcdatamodel; path = AnimeAlarm.xcdatamodel; sourceTree = "<group>"; };
		6243003A2580710300DC6090 /* Assets.xcassets */ = {isa = PBXFileReference; lastKnownFileType = folder.assetcatalog; path = Assets.xcassets; sourceTree = "<group>"; };
		6243003F2580710300DC6090 /* Info.plist */ = {isa = PBXFileReference; lastKnownFileType = text.plist.xml; path = Info.plist; sourceTree = "<group>"; };
		624300442580710400DC6090 /* AnimeAlarmTests.xctest */ = {isa = PBXFileReference; explicitFileType = wrapper.cfbundle; includeInIndex = 0; path = AnimeAlarmTests.xctest; sourceTree = BUILT_PRODUCTS_DIR; };
		624300482580710400DC6090 /* AnimeAlarmTests.swift */ = {isa = PBXFileReference; lastKnownFileType = sourcecode.swift; path = AnimeAlarmTests.swift; sourceTree = "<group>"; };
		6243004A2580710400DC6090 /* Info.plist */ = {isa = PBXFileReference; lastKnownFileType = text.plist.xml; path = Info.plist; sourceTree = "<group>"; };
		6243004F2580710400DC6090 /* AnimeAlarmUITests.xctest */ = {isa = PBXFileReference; explicitFileType = wrapper.cfbundle; includeInIndex = 0; path = AnimeAlarmUITests.xctest; sourceTree = BUILT_PRODUCTS_DIR; };
		624300532580710400DC6090 /* AnimeAlarmUITests.swift */ = {isa = PBXFileReference; lastKnownFileType = sourcecode.swift; path = AnimeAlarmUITests.swift; sourceTree = "<group>"; };
		624300552580710400DC6090 /* Info.plist */ = {isa = PBXFileReference; lastKnownFileType = text.plist.xml; path = Info.plist; sourceTree = "<group>"; };
		626D2D24259BB01D00CF7616 /* DBClient.swift */ = {isa = PBXFileReference; lastKnownFileType = sourcecode.swift; path = DBClient.swift; sourceTree = "<group>"; };
		626D2D2F259E4C9E00CF7616 /* JSONModels.swift */ = {isa = PBXFileReference; lastKnownFileType = sourcecode.swift; path = JSONModels.swift; sourceTree = "<group>"; };
		6285D742258A992F003371AF /* NestedCollectionViewCell.swift */ = {isa = PBXFileReference; lastKnownFileType = sourcecode.swift; path = NestedCollectionViewCell.swift; sourceTree = "<group>"; };
		6285D74A258C1D30003371AF /* AlarmManager.swift */ = {isa = PBXFileReference; lastKnownFileType = sourcecode.swift; path = AlarmManager.swift; sourceTree = "<group>"; };
		62BAF48325844E44003F7B2C /* HomeController.swift */ = {isa = PBXFileReference; lastKnownFileType = sourcecode.swift; path = HomeController.swift; sourceTree = "<group>"; };
		62BAF48C2584558A003F7B2C /* RowCellView.swift */ = {isa = PBXFileReference; lastKnownFileType = sourcecode.swift; path = RowCellView.swift; sourceTree = "<group>"; };
		62BAF494258455B0003F7B2C /* BaseCellView.swift */ = {isa = PBXFileReference; lastKnownFileType = sourcecode.swift; path = BaseCellView.swift; sourceTree = "<group>"; };
		62BBFCA025A0F4520008DD4A /* LocalNotification.swift */ = {isa = PBXFileReference; lastKnownFileType = sourcecode.swift; path = LocalNotification.swift; sourceTree = "<group>"; };
		62C21CE22592B9350018609B /* CreateAlarmView.swift */ = {isa = PBXFileReference; lastKnownFileType = sourcecode.swift; name = CreateAlarmView.swift; path = AnimeAlarm/CreateAlarmView.swift; sourceTree = SOURCE_ROOT; };
		62C21CE72592BD640018609B /* PopupController.swift */ = {isa = PBXFileReference; lastKnownFileType = sourcecode.swift; name = PopupController.swift; path = AnimeAlarm/PopupController.swift; sourceTree = SOURCE_ROOT; };
		62DA93D8259E4F64009FF7F3 /* Queries.swift */ = {isa = PBXFileReference; lastKnownFileType = sourcecode.swift; path = Queries.swift; sourceTree = "<group>"; };
		62F04C512587F68F0057D4CA /* Alarm.swift */ = {isa = PBXFileReference; lastKnownFileType = sourcecode.swift; path = Alarm.swift; sourceTree = "<group>"; };
		62F04C562588193C0057D4CA /* AnimeAlarm.entitlements */ = {isa = PBXFileReference; lastKnownFileType = text.plist.entitlements; path = AnimeAlarm.entitlements; sourceTree = "<group>"; };
		62FBEA9D258549B100BBFCE2 /* SavedAlarmCellView.swift */ = {isa = PBXFileReference; lastKnownFileType = sourcecode.swift; path = SavedAlarmCellView.swift; sourceTree = "<group>"; };
		62FBEAA225859A1F00BBFCE2 /* AnimeInfoController.swift */ = {isa = PBXFileReference; lastKnownFileType = sourcecode.swift; path = AnimeInfoController.swift; sourceTree = "<group>"; };
		62FBEAA725859B1800BBFCE2 /* AnimeInfoView.swift */ = {isa = PBXFileReference; lastKnownFileType = sourcecode.swift; path = AnimeInfoView.swift; sourceTree = "<group>"; };
		62FBEAAC2586D73300BBFCE2 /* RowCellModel.swift */ = {isa = PBXFileReference; lastKnownFileType = sourcecode.swift; path = RowCellModel.swift; sourceTree = "<group>"; };
/* End PBXFileReference section */

/* Begin PBXFrameworksBuildPhase section */
		62430028258070FF00DC6090 /* Frameworks */ = {
			isa = PBXFrameworksBuildPhase;
			buildActionMask = 2147483647;
			files = (
				626D2D2B259BB16400CF7616 /* GRDB in Frameworks */,
			);
			runOnlyForDeploymentPostprocessing = 0;
		};
		624300412580710400DC6090 /* Frameworks */ = {
			isa = PBXFrameworksBuildPhase;
			buildActionMask = 2147483647;
			files = (
			);
			runOnlyForDeploymentPostprocessing = 0;
		};
		6243004C2580710400DC6090 /* Frameworks */ = {
			isa = PBXFrameworksBuildPhase;
			buildActionMask = 2147483647;
			files = (
			);
			runOnlyForDeploymentPostprocessing = 0;
		};
/* End PBXFrameworksBuildPhase section */

/* Begin PBXGroup section */
		62430022258070FF00DC6090 = {
			isa = PBXGroup;
			children = (
				626D2D24259BB01D00CF7616 /* DBClient.swift */,
				6243002D258070FF00DC6090 /* AnimeAlarm */,
				624300472580710400DC6090 /* AnimeAlarmTests */,
				624300522580710400DC6090 /* AnimeAlarmUITests */,
				6243002C258070FF00DC6090 /* Products */,
			);
			sourceTree = "<group>";
		};
		6243002C258070FF00DC6090 /* Products */ = {
			isa = PBXGroup;
			children = (
				6243002B258070FF00DC6090 /* AnimeAlarm.app */,
				624300442580710400DC6090 /* AnimeAlarmTests.xctest */,
				6243004F2580710400DC6090 /* AnimeAlarmUITests.xctest */,
			);
			name = Products;
			sourceTree = "<group>";
		};
		6243002D258070FF00DC6090 /* AnimeAlarm */ = {
			isa = PBXGroup;
			children = (
				62BBFCA025A0F4520008DD4A /* LocalNotification.swift */,
				62C21CED2592C0C30018609B /* Helpers */,
				62FBEAB12586DDB600BBFCE2 /* Model */,
				62BAF48B2584557A003F7B2C /* View */,
				62BAF48225844E2D003F7B2C /* Controller */,
				6243002E258070FF00DC6090 /* AppDelegate.swift */,
				62F04C562588193C0057D4CA /* AnimeAlarm.entitlements */,
				62430030258070FF00DC6090 /* SceneDelegate.swift */,
				6200643C2581E11300806673 /* LaunchScreen.storyboard */,
				6243003A2580710300DC6090 /* Assets.xcassets */,
				6243003F2580710300DC6090 /* Info.plist */,
				62430037258070FF00DC6090 /* AnimeAlarm.xcdatamodeld */,
			);
			path = AnimeAlarm;
			sourceTree = "<group>";
		};
		624300472580710400DC6090 /* AnimeAlarmTests */ = {
			isa = PBXGroup;
			children = (
				624300482580710400DC6090 /* AnimeAlarmTests.swift */,
				6243004A2580710400DC6090 /* Info.plist */,
			);
			path = AnimeAlarmTests;
			sourceTree = "<group>";
		};
		624300522580710400DC6090 /* AnimeAlarmUITests */ = {
			isa = PBXGroup;
			children = (
				624300532580710400DC6090 /* AnimeAlarmUITests.swift */,
				624300552580710400DC6090 /* Info.plist */,
			);
			path = AnimeAlarmUITests;
			sourceTree = "<group>";
		};
		62BAF48225844E2D003F7B2C /* Controller */ = {
			isa = PBXGroup;
			children = (
				62C21CE72592BD640018609B /* PopupController.swift */,
				62BAF48325844E44003F7B2C /* HomeController.swift */,
				62FBEAA225859A1F00BBFCE2 /* AnimeInfoController.swift */,
			);
			path = Controller;
			sourceTree = "<group>";
		};
		62BAF48B2584557A003F7B2C /* View */ = {
			isa = PBXGroup;
			children = (
				62C21CE22592B9350018609B /* CreateAlarmView.swift */,
				62BAF48C2584558A003F7B2C /* RowCellView.swift */,
				6285D742258A992F003371AF /* NestedCollectionViewCell.swift */,
				62BAF494258455B0003F7B2C /* BaseCellView.swift */,
				62FBEA9D258549B100BBFCE2 /* SavedAlarmCellView.swift */,
				62FBEAA725859B1800BBFCE2 /* AnimeInfoView.swift */,
			);
			path = View;
			sourceTree = "<group>";
		};
		62C21CED2592C0C30018609B /* Helpers */ = {
			isa = PBXGroup;
			children = (
				6200641B25817B0900806673 /* AnimeClient.swift */,
				6285D74A258C1D30003371AF /* AlarmManager.swift */,
				62DA93D8259E4F64009FF7F3 /* Queries.swift */,
			);
			path = Helpers;
			sourceTree = "<group>";
		};
		62FBEAB12586DDB600BBFCE2 /* Model */ = {
			isa = PBXGroup;
			children = (
				62F04C512587F68F0057D4CA /* Alarm.swift */,
				626D2D2F259E4C9E00CF7616 /* JSONModels.swift */,
				62FBEAAC2586D73300BBFCE2 /* RowCellModel.swift */,
			);
			path = Model;
			sourceTree = "<group>";
		};
/* End PBXGroup section */

/* Begin PBXNativeTarget section */
		6243002A258070FF00DC6090 /* AnimeAlarm */ = {
			isa = PBXNativeTarget;
			buildConfigurationList = 624300582580710400DC6090 /* Build configuration list for PBXNativeTarget "AnimeAlarm" */;
			buildPhases = (
				62430027258070FF00DC6090 /* Sources */,
				62430028258070FF00DC6090 /* Frameworks */,
				62430029258070FF00DC6090 /* Resources */,
			);
			buildRules = (
			);
			dependencies = (
			);
			name = AnimeAlarm;
			packageProductDependencies = (
				626D2D2A259BB16400CF7616 /* GRDB */,
			);
			productName = AnimeAlarm;
			productReference = 6243002B258070FF00DC6090 /* AnimeAlarm.app */;
			productType = "com.apple.product-type.application";
		};
		624300432580710400DC6090 /* AnimeAlarmTests */ = {
			isa = PBXNativeTarget;
			buildConfigurationList = 6243005B2580710400DC6090 /* Build configuration list for PBXNativeTarget "AnimeAlarmTests" */;
			buildPhases = (
				624300402580710400DC6090 /* Sources */,
				624300412580710400DC6090 /* Frameworks */,
				624300422580710400DC6090 /* Resources */,
			);
			buildRules = (
			);
			dependencies = (
				624300462580710400DC6090 /* PBXTargetDependency */,
			);
			name = AnimeAlarmTests;
			productName = AnimeAlarmTests;
			productReference = 624300442580710400DC6090 /* AnimeAlarmTests.xctest */;
			productType = "com.apple.product-type.bundle.unit-test";
		};
		6243004E2580710400DC6090 /* AnimeAlarmUITests */ = {
			isa = PBXNativeTarget;
			buildConfigurationList = 6243005E2580710400DC6090 /* Build configuration list for PBXNativeTarget "AnimeAlarmUITests" */;
			buildPhases = (
				6243004B2580710400DC6090 /* Sources */,
				6243004C2580710400DC6090 /* Frameworks */,
				6243004D2580710400DC6090 /* Resources */,
			);
			buildRules = (
			);
			dependencies = (
				624300512580710400DC6090 /* PBXTargetDependency */,
			);
			name = AnimeAlarmUITests;
			productName = AnimeAlarmUITests;
			productReference = 6243004F2580710400DC6090 /* AnimeAlarmUITests.xctest */;
			productType = "com.apple.product-type.bundle.ui-testing";
		};
/* End PBXNativeTarget section */

/* Begin PBXProject section */
		62430023258070FF00DC6090 /* Project object */ = {
			isa = PBXProject;
			attributes = {
				LastSwiftUpdateCheck = 1220;
				LastUpgradeCheck = 1220;
				TargetAttributes = {
					6243002A258070FF00DC6090 = {
						CreatedOnToolsVersion = 12.2;
					};
					624300432580710400DC6090 = {
						CreatedOnToolsVersion = 12.2;
						TestTargetID = 6243002A258070FF00DC6090;
					};
					6243004E2580710400DC6090 = {
						CreatedOnToolsVersion = 12.2;
						TestTargetID = 6243002A258070FF00DC6090;
					};
				};
			};
			buildConfigurationList = 62430026258070FF00DC6090 /* Build configuration list for PBXProject "AnimeAlarm" */;
			compatibilityVersion = "Xcode 9.3";
			developmentRegion = en;
			hasScannedForEncodings = 0;
			knownRegions = (
				en,
				Base,
			);
			mainGroup = 62430022258070FF00DC6090;
			packageReferences = (
				626D2D29259BB16400CF7616 /* XCRemoteSwiftPackageReference "GRDB.swift" */,
			);
			productRefGroup = 6243002C258070FF00DC6090 /* Products */;
			projectDirPath = "";
			projectRoot = "";
			targets = (
				6243002A258070FF00DC6090 /* AnimeAlarm */,
				624300432580710400DC6090 /* AnimeAlarmTests */,
				6243004E2580710400DC6090 /* AnimeAlarmUITests */,
			);
		};
/* End PBXProject section */

/* Begin PBXResourcesBuildPhase section */
		62430029258070FF00DC6090 /* Resources */ = {
			isa = PBXResourcesBuildPhase;
			buildActionMask = 2147483647;
			files = (
				6243003B2580710300DC6090 /* Assets.xcassets in Resources */,
				6200643D2581E11300806673 /* LaunchScreen.storyboard in Resources */,
			);
			runOnlyForDeploymentPostprocessing = 0;
		};
		624300422580710400DC6090 /* Resources */ = {
			isa = PBXResourcesBuildPhase;
			buildActionMask = 2147483647;
			files = (
			);
			runOnlyForDeploymentPostprocessing = 0;
		};
		6243004D2580710400DC6090 /* Resources */ = {
			isa = PBXResourcesBuildPhase;
			buildActionMask = 2147483647;
			files = (
			);
			runOnlyForDeploymentPostprocessing = 0;
		};
/* End PBXResourcesBuildPhase section */

/* Begin PBXSourcesBuildPhase section */
		62430027258070FF00DC6090 /* Sources */ = {
			isa = PBXSourcesBuildPhase;
			buildActionMask = 2147483647;
			files = (
				62C21CE82592BD640018609B /* PopupController.swift in Sources */,
				6243002F258070FF00DC6090 /* AppDelegate.swift in Sources */,
				62FBEAA825859B1800BBFCE2 /* AnimeInfoView.swift in Sources */,
				62430039258070FF00DC6090 /* AnimeAlarm.xcdatamodeld in Sources */,
				626D2D30259E4C9F00CF7616 /* JSONModels.swift in Sources */,
				6200641C25817B0900806673 /* AnimeClient.swift in Sources */,
				62BAF495258455B0003F7B2C /* BaseCellView.swift in Sources */,
				62FBEA9E258549B100BBFCE2 /* SavedAlarmCellView.swift in Sources */,
				62BBFCA125A0F4520008DD4A /* LocalNotification.swift in Sources */,
				62FBEAAD2586D73300BBFCE2 /* RowCellModel.swift in Sources */,
				62430031258070FF00DC6090 /* SceneDelegate.swift in Sources */,
				62DA93D9259E4F64009FF7F3 /* Queries.swift in Sources */,
				62F04C522587F68F0057D4CA /* Alarm.swift in Sources */,
				62BAF48425844E44003F7B2C /* HomeController.swift in Sources */,
				62BAF48D2584558A003F7B2C /* RowCellView.swift in Sources */,
				62FBEAA325859A1F00BBFCE2 /* AnimeInfoController.swift in Sources */,
				62C21CE32592B9350018609B /* CreateAlarmView.swift in Sources */,
				6285D743258A992F003371AF /* NestedCollectionViewCell.swift in Sources */,
				626D2D25259BB01D00CF7616 /* DBClient.swift in Sources */,
				6285D74B258C1D30003371AF /* AlarmManager.swift in Sources */,
			);
			runOnlyForDeploymentPostprocessing = 0;
		};
		624300402580710400DC6090 /* Sources */ = {
			isa = PBXSourcesBuildPhase;
			buildActionMask = 2147483647;
			files = (
				624300492580710400DC6090 /* AnimeAlarmTests.swift in Sources */,
			);
			runOnlyForDeploymentPostprocessing = 0;
		};
		6243004B2580710400DC6090 /* Sources */ = {
			isa = PBXSourcesBuildPhase;
			buildActionMask = 2147483647;
			files = (
				624300542580710400DC6090 /* AnimeAlarmUITests.swift in Sources */,
			);
			runOnlyForDeploymentPostprocessing = 0;
		};
/* End PBXSourcesBuildPhase section */

/* Begin PBXTargetDependency section */
		624300462580710400DC6090 /* PBXTargetDependency */ = {
			isa = PBXTargetDependency;
			target = 6243002A258070FF00DC6090 /* AnimeAlarm */;
			targetProxy = 624300452580710400DC6090 /* PBXContainerItemProxy */;
		};
		624300512580710400DC6090 /* PBXTargetDependency */ = {
			isa = PBXTargetDependency;
			target = 6243002A258070FF00DC6090 /* AnimeAlarm */;
			targetProxy = 624300502580710400DC6090 /* PBXContainerItemProxy */;
		};
/* End PBXTargetDependency section */

/* Begin XCBuildConfiguration section */
		624300562580710400DC6090 /* Debug */ = {
			isa = XCBuildConfiguration;
			buildSettings = {
				ALWAYS_SEARCH_USER_PATHS = NO;
				CLANG_ANALYZER_NONNULL = YES;
				CLANG_ANALYZER_NUMBER_OBJECT_CONVERSION = YES_AGGRESSIVE;
				CLANG_CXX_LANGUAGE_STANDARD = "gnu++14";
				CLANG_CXX_LIBRARY = "libc++";
				CLANG_ENABLE_MODULES = YES;
				CLANG_ENABLE_OBJC_ARC = YES;
				CLANG_ENABLE_OBJC_WEAK = YES;
				CLANG_WARN_BLOCK_CAPTURE_AUTORELEASING = YES;
				CLANG_WARN_BOOL_CONVERSION = YES;
				CLANG_WARN_COMMA = YES;
				CLANG_WARN_CONSTANT_CONVERSION = YES;
				CLANG_WARN_DEPRECATED_OBJC_IMPLEMENTATIONS = YES;
				CLANG_WARN_DIRECT_OBJC_ISA_USAGE = YES_ERROR;
				CLANG_WARN_DOCUMENTATION_COMMENTS = YES;
				CLANG_WARN_EMPTY_BODY = YES;
				CLANG_WARN_ENUM_CONVERSION = YES;
				CLANG_WARN_INFINITE_RECURSION = YES;
				CLANG_WARN_INT_CONVERSION = YES;
				CLANG_WARN_NON_LITERAL_NULL_CONVERSION = YES;
				CLANG_WARN_OBJC_IMPLICIT_RETAIN_SELF = YES;
				CLANG_WARN_OBJC_LITERAL_CONVERSION = YES;
				CLANG_WARN_OBJC_ROOT_CLASS = YES_ERROR;
				CLANG_WARN_QUOTED_INCLUDE_IN_FRAMEWORK_HEADER = YES;
				CLANG_WARN_RANGE_LOOP_ANALYSIS = YES;
				CLANG_WARN_STRICT_PROTOTYPES = YES;
				CLANG_WARN_SUSPICIOUS_MOVE = YES;
				CLANG_WARN_UNGUARDED_AVAILABILITY = YES_AGGRESSIVE;
				CLANG_WARN_UNREACHABLE_CODE = YES;
				CLANG_WARN__DUPLICATE_METHOD_MATCH = YES;
				COPY_PHASE_STRIP = NO;
				DEBUG_INFORMATION_FORMAT = dwarf;
				ENABLE_STRICT_OBJC_MSGSEND = YES;
				ENABLE_TESTABILITY = YES;
				GCC_C_LANGUAGE_STANDARD = gnu11;
				GCC_DYNAMIC_NO_PIC = NO;
				GCC_NO_COMMON_BLOCKS = YES;
				GCC_OPTIMIZATION_LEVEL = 0;
				GCC_PREPROCESSOR_DEFINITIONS = (
					"DEBUG=1",
					"$(inherited)",
				);
				GCC_WARN_64_TO_32_BIT_CONVERSION = YES;
				GCC_WARN_ABOUT_RETURN_TYPE = YES_ERROR;
				GCC_WARN_UNDECLARED_SELECTOR = YES;
				GCC_WARN_UNINITIALIZED_AUTOS = YES_AGGRESSIVE;
				GCC_WARN_UNUSED_FUNCTION = YES;
				GCC_WARN_UNUSED_VARIABLE = YES;
				IPHONEOS_DEPLOYMENT_TARGET = 14.2;
				MTL_ENABLE_DEBUG_INFO = INCLUDE_SOURCE;
				MTL_FAST_MATH = YES;
				ONLY_ACTIVE_ARCH = YES;
				SDKROOT = iphoneos;
				SWIFT_ACTIVE_COMPILATION_CONDITIONS = DEBUG;
				SWIFT_OPTIMIZATION_LEVEL = "-Onone";
			};
			name = Debug;
		};
		624300572580710400DC6090 /* Release */ = {
			isa = XCBuildConfiguration;
			buildSettings = {
				ALWAYS_SEARCH_USER_PATHS = NO;
				CLANG_ANALYZER_NONNULL = YES;
				CLANG_ANALYZER_NUMBER_OBJECT_CONVERSION = YES_AGGRESSIVE;
				CLANG_CXX_LANGUAGE_STANDARD = "gnu++14";
				CLANG_CXX_LIBRARY = "libc++";
				CLANG_ENABLE_MODULES = YES;
				CLANG_ENABLE_OBJC_ARC = YES;
				CLANG_ENABLE_OBJC_WEAK = YES;
				CLANG_WARN_BLOCK_CAPTURE_AUTORELEASING = YES;
				CLANG_WARN_BOOL_CONVERSION = YES;
				CLANG_WARN_COMMA = YES;
				CLANG_WARN_CONSTANT_CONVERSION = YES;
				CLANG_WARN_DEPRECATED_OBJC_IMPLEMENTATIONS = YES;
				CLANG_WARN_DIRECT_OBJC_ISA_USAGE = YES_ERROR;
				CLANG_WARN_DOCUMENTATION_COMMENTS = YES;
				CLANG_WARN_EMPTY_BODY = YES;
				CLANG_WARN_ENUM_CONVERSION = YES;
				CLANG_WARN_INFINITE_RECURSION = YES;
				CLANG_WARN_INT_CONVERSION = YES;
				CLANG_WARN_NON_LITERAL_NULL_CONVERSION = YES;
				CLANG_WARN_OBJC_IMPLICIT_RETAIN_SELF = YES;
				CLANG_WARN_OBJC_LITERAL_CONVERSION = YES;
				CLANG_WARN_OBJC_ROOT_CLASS = YES_ERROR;
				CLANG_WARN_QUOTED_INCLUDE_IN_FRAMEWORK_HEADER = YES;
				CLANG_WARN_RANGE_LOOP_ANALYSIS = YES;
				CLANG_WARN_STRICT_PROTOTYPES = YES;
				CLANG_WARN_SUSPICIOUS_MOVE = YES;
				CLANG_WARN_UNGUARDED_AVAILABILITY = YES_AGGRESSIVE;
				CLANG_WARN_UNREACHABLE_CODE = YES;
				CLANG_WARN__DUPLICATE_METHOD_MATCH = YES;
				COPY_PHASE_STRIP = NO;
				DEBUG_INFORMATION_FORMAT = "dwarf-with-dsym";
				ENABLE_NS_ASSERTIONS = NO;
				ENABLE_STRICT_OBJC_MSGSEND = YES;
				GCC_C_LANGUAGE_STANDARD = gnu11;
				GCC_NO_COMMON_BLOCKS = YES;
				GCC_WARN_64_TO_32_BIT_CONVERSION = YES;
				GCC_WARN_ABOUT_RETURN_TYPE = YES_ERROR;
				GCC_WARN_UNDECLARED_SELECTOR = YES;
				GCC_WARN_UNINITIALIZED_AUTOS = YES_AGGRESSIVE;
				GCC_WARN_UNUSED_FUNCTION = YES;
				GCC_WARN_UNUSED_VARIABLE = YES;
				IPHONEOS_DEPLOYMENT_TARGET = 14.2;
				MTL_ENABLE_DEBUG_INFO = NO;
				MTL_FAST_MATH = YES;
				SDKROOT = iphoneos;
				SWIFT_COMPILATION_MODE = wholemodule;
				SWIFT_OPTIMIZATION_LEVEL = "-O";
				VALIDATE_PRODUCT = YES;
			};
			name = Release;
		};
		624300592580710400DC6090 /* Debug */ = {
			isa = XCBuildConfiguration;
			buildSettings = {
				ASSETCATALOG_COMPILER_APPICON_NAME = AppIcon;
				ASSETCATALOG_COMPILER_GLOBAL_ACCENT_COLOR_NAME = AccentColor;
				CODE_SIGN_ENTITLEMENTS = AnimeAlarm/AnimeAlarm.entitlements;
				CODE_SIGN_STYLE = Automatic;
				DEVELOPMENT_TEAM = L227T5HHPC;
				INFOPLIST_FILE = AnimeAlarm/Info.plist;
				LD_RUNPATH_SEARCH_PATHS = (
					"$(inherited)",
					"@executable_path/Frameworks",
				);
				PRODUCT_BUNDLE_IDENTIFIER = com.Makaveli.AnimeAlarm;
				PRODUCT_NAME = "$(TARGET_NAME)";
				SWIFT_VERSION = 5.0;
				TARGETED_DEVICE_FAMILY = "1,2";
			};
			name = Debug;
		};
		6243005A2580710400DC6090 /* Release */ = {
			isa = XCBuildConfiguration;
			buildSettings = {
				ASSETCATALOG_COMPILER_APPICON_NAME = AppIcon;
				ASSETCATALOG_COMPILER_GLOBAL_ACCENT_COLOR_NAME = AccentColor;
				CODE_SIGN_ENTITLEMENTS = AnimeAlarm/AnimeAlarm.entitlements;
				CODE_SIGN_STYLE = Automatic;
				DEVELOPMENT_TEAM = L227T5HHPC;
				INFOPLIST_FILE = AnimeAlarm/Info.plist;
				LD_RUNPATH_SEARCH_PATHS = (
					"$(inherited)",
					"@executable_path/Frameworks",
				);
				PRODUCT_BUNDLE_IDENTIFIER = com.Makaveli.AnimeAlarm;
				PRODUCT_NAME = "$(TARGET_NAME)";
				SWIFT_VERSION = 5.0;
				TARGETED_DEVICE_FAMILY = "1,2";
			};
			name = Release;
		};
		6243005C2580710400DC6090 /* Debug */ = {
			isa = XCBuildConfiguration;
			buildSettings = {
				ALWAYS_EMBED_SWIFT_STANDARD_LIBRARIES = YES;
				BUNDLE_LOADER = "$(TEST_HOST)";
				CODE_SIGN_STYLE = Automatic;
				DEVELOPMENT_TEAM = L227T5HHPC;
				INFOPLIST_FILE = AnimeAlarmTests/Info.plist;
				IPHONEOS_DEPLOYMENT_TARGET = 14.2;
				LD_RUNPATH_SEARCH_PATHS = (
					"$(inherited)",
					"@executable_path/Frameworks",
					"@loader_path/Frameworks",
				);
				PRODUCT_BUNDLE_IDENTIFIER = com.Makaveli.AnimeAlarmTests;
				PRODUCT_NAME = "$(TARGET_NAME)";
				SWIFT_VERSION = 5.0;
				TARGETED_DEVICE_FAMILY = "1,2";
				TEST_HOST = "$(BUILT_PRODUCTS_DIR)/AnimeAlarm.app/AnimeAlarm";
			};
			name = Debug;
		};
		6243005D2580710400DC6090 /* Release */ = {
			isa = XCBuildConfiguration;
			buildSettings = {
				ALWAYS_EMBED_SWIFT_STANDARD_LIBRARIES = YES;
				BUNDLE_LOADER = "$(TEST_HOST)";
				CODE_SIGN_STYLE = Automatic;
				DEVELOPMENT_TEAM = L227T5HHPC;
				INFOPLIST_FILE = AnimeAlarmTests/Info.plist;
				IPHONEOS_DEPLOYMENT_TARGET = 14.2;
				LD_RUNPATH_SEARCH_PATHS = (
					"$(inherited)",
					"@executable_path/Frameworks",
					"@loader_path/Frameworks",
				);
				PRODUCT_BUNDLE_IDENTIFIER = com.Makaveli.AnimeAlarmTests;
				PRODUCT_NAME = "$(TARGET_NAME)";
				SWIFT_VERSION = 5.0;
				TARGETED_DEVICE_FAMILY = "1,2";
				TEST_HOST = "$(BUILT_PRODUCTS_DIR)/AnimeAlarm.app/AnimeAlarm";
			};
			name = Release;
		};
		6243005F2580710400DC6090 /* Debug */ = {
			isa = XCBuildConfiguration;
			buildSettings = {
				ALWAYS_EMBED_SWIFT_STANDARD_LIBRARIES = YES;
				CODE_SIGN_STYLE = Automatic;
				DEVELOPMENT_TEAM = L227T5HHPC;
				INFOPLIST_FILE = AnimeAlarmUITests/Info.plist;
				LD_RUNPATH_SEARCH_PATHS = (
					"$(inherited)",
					"@executable_path/Frameworks",
					"@loader_path/Frameworks",
				);
				PRODUCT_BUNDLE_IDENTIFIER = com.Makaveli.AnimeAlarmUITests;
				PRODUCT_NAME = "$(TARGET_NAME)";
				SWIFT_VERSION = 5.0;
				TARGETED_DEVICE_FAMILY = "1,2";
				TEST_TARGET_NAME = AnimeAlarm;
			};
			name = Debug;
		};
		624300602580710400DC6090 /* Release */ = {
			isa = XCBuildConfiguration;
			buildSettings = {
				ALWAYS_EMBED_SWIFT_STANDARD_LIBRARIES = YES;
				CODE_SIGN_STYLE = Automatic;
				DEVELOPMENT_TEAM = L227T5HHPC;
				INFOPLIST_FILE = AnimeAlarmUITests/Info.plist;
				LD_RUNPATH_SEARCH_PATHS = (
					"$(inherited)",
					"@executable_path/Frameworks",
					"@loader_path/Frameworks",
				);
				PRODUCT_BUNDLE_IDENTIFIER = com.Makaveli.AnimeAlarmUITests;
				PRODUCT_NAME = "$(TARGET_NAME)";
				SWIFT_VERSION = 5.0;
				TARGETED_DEVICE_FAMILY = "1,2";
				TEST_TARGET_NAME = AnimeAlarm;
			};
			name = Release;
		};
/* End XCBuildConfiguration section */

/* Begin XCConfigurationList section */
		62430026258070FF00DC6090 /* Build configuration list for PBXProject "AnimeAlarm" */ = {
			isa = XCConfigurationList;
			buildConfigurations = (
				624300562580710400DC6090 /* Debug */,
				624300572580710400DC6090 /* Release */,
			);
			defaultConfigurationIsVisible = 0;
			defaultConfigurationName = Release;
		};
		624300582580710400DC6090 /* Build configuration list for PBXNativeTarget "AnimeAlarm" */ = {
			isa = XCConfigurationList;
			buildConfigurations = (
				624300592580710400DC6090 /* Debug */,
				6243005A2580710400DC6090 /* Release */,
			);
			defaultConfigurationIsVisible = 0;
			defaultConfigurationName = Release;
		};
		6243005B2580710400DC6090 /* Build configuration list for PBXNativeTarget "AnimeAlarmTests" */ = {
			isa = XCConfigurationList;
			buildConfigurations = (
				6243005C2580710400DC6090 /* Debug */,
				6243005D2580710400DC6090 /* Release */,
			);
			defaultConfigurationIsVisible = 0;
			defaultConfigurationName = Release;
		};
		6243005E2580710400DC6090 /* Build configuration list for PBXNativeTarget "AnimeAlarmUITests" */ = {
			isa = XCConfigurationList;
			buildConfigurations = (
				6243005F2580710400DC6090 /* Debug */,
				624300602580710400DC6090 /* Release */,
			);
			defaultConfigurationIsVisible = 0;
			defaultConfigurationName = Release;
		};
/* End XCConfigurationList section */

/* Begin XCRemoteSwiftPackageReference section */
		626D2D29259BB16400CF7616 /* XCRemoteSwiftPackageReference "GRDB.swift" */ = {
			isa = XCRemoteSwiftPackageReference;
			repositoryURL = "https://github.com/groue/GRDB.swift.git";
			requirement = {
				kind = upToNextMajorVersion;
				minimumVersion = 5.2.0;
			};
		};
/* End XCRemoteSwiftPackageReference section */

/* Begin XCSwiftPackageProductDependency section */
		626D2D2A259BB16400CF7616 /* GRDB */ = {
			isa = XCSwiftPackageProductDependency;
			package = 626D2D29259BB16400CF7616 /* XCRemoteSwiftPackageReference "GRDB.swift" */;
			productName = GRDB;
		};
/* End XCSwiftPackageProductDependency section */

/* Begin XCVersionGroup section */
		62430037258070FF00DC6090 /* AnimeAlarm.xcdatamodeld */ = {
			isa = XCVersionGroup;
			children = (
				62430038258070FF00DC6090 /* AnimeAlarm.xcdatamodel */,
			);
			currentVersion = 62430038258070FF00DC6090 /* AnimeAlarm.xcdatamodel */;
			path = AnimeAlarm.xcdatamodeld;
			sourceTree = "<group>";
			versionGroupType = wrapper.xcdatamodel;
		};
/* End XCVersionGroup section */
	};
	rootObject = 62430023258070FF00DC6090 /* Project object */;
}
